// !$*UTF8*$!
{
	archiveVersion = 1;
	classes = {
	};
	objectVersion = 56;
	objects = {

/* Begin PBXBuildFile section */
		04CEC2112A87DADE001BA35A /* AppDelegate.swift in Sources */ = {isa = PBXBuildFile; fileRef = 04CEC2102A87DADE001BA35A /* AppDelegate.swift */; };
		04CEC2132A87DADE001BA35A /* SceneDelegate.swift in Sources */ = {isa = PBXBuildFile; fileRef = 04CEC2122A87DADE001BA35A /* SceneDelegate.swift */; };
		04CEC2152A87DADE001BA35A /* ViewController.swift in Sources */ = {isa = PBXBuildFile; fileRef = 04CEC2142A87DADE001BA35A /* ViewController.swift */; };
		04CEC2182A87DADE001BA35A /* Main.storyboard in Resources */ = {isa = PBXBuildFile; fileRef = 04CEC2162A87DADE001BA35A /* Main.storyboard */; };
		04CEC21A2A87DAE1001BA35A /* Assets.xcassets in Resources */ = {isa = PBXBuildFile; fileRef = 04CEC2192A87DAE1001BA35A /* Assets.xcassets */; };
		04CEC21D2A87DAE1001BA35A /* LaunchScreen.storyboard in Resources */ = {isa = PBXBuildFile; fileRef = 04CEC21B2A87DAE1001BA35A /* LaunchScreen.storyboard */; };
		04CEC22B2A87DB88001BA35A /* Question.swift in Sources */ = {isa = PBXBuildFile; fileRef = 04CEC22A2A87DB88001BA35A /* Question.swift */; };
		04CEC22E2A87DC38001BA35A /* QuizBrain.swift in Sources */ = {isa = PBXBuildFile; fileRef = 04CEC22D2A87DC38001BA35A /* QuizBrain.swift */; };
/* End PBXBuildFile section */

/* Begin PBXFileReference section */
		04CEC20D2A87DADE001BA35A /* QuizeApp(MVC).app */ = {isa = PBXFileReference; explicitFileType = wrapper.application; includeInIndex = 0; path = "QuizeApp(MVC).app"; sourceTree = BUILT_PRODUCTS_DIR; };
		04CEC2102A87DADE001BA35A /* AppDelegate.swift */ = {isa = PBXFileReference; lastKnownFileType = sourcecode.swift; path = AppDelegate.swift; sourceTree = "<group>"; };
		04CEC2122A87DADE001BA35A /* SceneDelegate.swift */ = {isa = PBXFileReference; lastKnownFileType = sourcecode.swift; path = SceneDelegate.swift; sourceTree = "<group>"; };
		04CEC2142A87DADE001BA35A /* ViewController.swift */ = {isa = PBXFileReference; lastKnownFileType = sourcecode.swift; path = ViewController.swift; sourceTree = "<group>"; };
		04CEC2172A87DADE001BA35A /* Base */ = {isa = PBXFileReference; lastKnownFileType = file.storyboard; name = Base; path = Base.lproj/Main.storyboard; sourceTree = "<group>"; };
		04CEC2192A87DAE1001BA35A /* Assets.xcassets */ = {isa = PBXFileReference; lastKnownFileType = folder.assetcatalog; path = Assets.xcassets; sourceTree = "<group>"; };
		04CEC21C2A87DAE1001BA35A /* Base */ = {isa = PBXFileReference; lastKnownFileType = file.storyboard; name = Base; path = Base.lproj/LaunchScreen.storyboard; sourceTree = "<group>"; };
		04CEC21E2A87DAE1001BA35A /* Info.plist */ = {isa = PBXFileReference; lastKnownFileType = text.plist.xml; path = Info.plist; sourceTree = "<group>"; };
		04CEC22A2A87DB88001BA35A /* Question.swift */ = {isa = PBXFileReference; lastKnownFileType = sourcecode.swift; path = Question.swift; sourceTree = "<group>"; };
		04CEC22D2A87DC38001BA35A /* QuizBrain.swift */ = {isa = PBXFileReference; lastKnownFileType = sourcecode.swift; path = QuizBrain.swift; sourceTree = "<group>"; };
/* End PBXFileReference section */

/* Begin PBXFrameworksBuildPhase section */
		04CEC20A2A87DADE001BA35A /* Frameworks */ = {
			isa = PBXFrameworksBuildPhase;
			buildActionMask = 2147483647;
			files = (
			);
			runOnlyForDeploymentPostprocessing = 0;
		};
/* End PBXFrameworksBuildPhase section */

/* Begin PBXGroup section */
		04CEC2042A87DADE001BA35A = {
			isa = PBXGroup;
			children = (
				04CEC20F2A87DADE001BA35A /* QuizeApp(MVC) */,
				04CEC20E2A87DADE001BA35A /* Products */,
			);
			sourceTree = "<group>";
		};
		04CEC20E2A87DADE001BA35A /* Products */ = {
			isa = PBXGroup;
			children = (
				04CEC20D2A87DADE001BA35A /* QuizeApp(MVC).app */,
			);
			name = Products;
			sourceTree = "<group>";
		};
		04CEC20F2A87DADE001BA35A /* QuizeApp(MVC) */ = {
			isa = PBXGroup;
			children = (
				04CEC2102A87DADE001BA35A /* AppDelegate.swift */,
				04CEC2122A87DADE001BA35A /* SceneDelegate.swift */,
				04CEC2252A87DB12001BA35A /* Controller */,
				04CEC2242A87DAFA001BA35A /* View */,
				04CEC2192A87DAE1001BA35A /* Assets.xcassets */,
				04CEC21B2A87DAE1001BA35A /* LaunchScreen.storyboard */,
				04CEC21E2A87DAE1001BA35A /* Info.plist */,
				04CEC22C2A87DBCE001BA35A /* Model */,
			);
			path = "QuizeApp(MVC)";
			sourceTree = "<group>";
		};
		04CEC2242A87DAFA001BA35A /* View */ = {
			isa = PBXGroup;
			children = (
				04CEC2162A87DADE001BA35A /* Main.storyboard */,
			);
			path = View;
			sourceTree = "<group>";
		};
		04CEC2252A87DB12001BA35A /* Controller */ = {
			isa = PBXGroup;
			children = (
				04CEC2142A87DADE001BA35A /* ViewController.swift */,
			);
			path = Controller;
			sourceTree = "<group>";
		};
		04CEC22C2A87DBCE001BA35A /* Model */ = {
			isa = PBXGroup;
			children = (
				04CEC22A2A87DB88001BA35A /* Question.swift */,
				04CEC22D2A87DC38001BA35A /* QuizBrain.swift */,
			);
			path = Model;
			sourceTree = "<group>";
		};
/* End PBXGroup section */

/* Begin PBXNativeTarget section */
		04CEC20C2A87DADE001BA35A /* QuizeApp(MVC) */ = {
			isa = PBXNativeTarget;
			buildConfigurationList = 04CEC2212A87DAE1001BA35A /* Build configuration list for PBXNativeTarget "QuizeApp(MVC)" */;
			buildPhases = (
				04CEC2092A87DADE001BA35A /* Sources */,
				04CEC20A2A87DADE001BA35A /* Frameworks */,
				04CEC20B2A87DADE001BA35A /* Resources */,
			);
			buildRules = (
			);
			dependencies = (
			);
			name = "QuizeApp(MVC)";
			productName = "QuizeApp(MVC)";
			productReference = 04CEC20D2A87DADE001BA35A /* QuizeApp(MVC).app */;
			productType = "com.apple.product-type.application";
		};
/* End PBXNativeTarget section */

/* Begin PBXProject section */
		04CEC2052A87DADE001BA35A /* Project object */ = {
			isa = PBXProject;
			attributes = {
				BuildIndependentTargetsInParallel = 1;
				LastSwiftUpdateCheck = 1430;
				LastUpgradeCheck = 1430;
				TargetAttributes = {
					04CEC20C2A87DADE001BA35A = {
						CreatedOnToolsVersion = 14.3.1;
					};
				};
			};
			buildConfigurationList = 04CEC2082A87DADE001BA35A /* Build configuration list for PBXProject "QuizeApp(MVC)" */;
			compatibilityVersion = "Xcode 14.0";
			developmentRegion = en;
			hasScannedForEncodings = 0;
			knownRegions = (
				en,
				Base,
			);
			mainGroup = 04CEC2042A87DADE001BA35A;
			productRefGroup = 04CEC20E2A87DADE001BA35A /* Products */;
			projectDirPath = "";
			projectRoot = "";
			targets = (
				04CEC20C2A87DADE001BA35A /* QuizeApp(MVC) */,
			);
		};
/* End PBXProject section */

/* Begin PBXResourcesBuildPhase section */
		04CEC20B2A87DADE001BA35A /* Resources */ = {
			isa = PBXResourcesBuildPhase;
			buildActionMask = 2147483647;
			files = (
				04CEC21D2A87DAE1001BA35A /* LaunchScreen.storyboard in Resources */,
				04CEC21A2A87DAE1001BA35A /* Assets.xcassets in Resources */,
				04CEC2182A87DADE001BA35A /* Main.storyboard in Resources */,
			);
			runOnlyForDeploymentPostprocessing = 0;
		};
/* End PBXResourcesBuildPhase section */

/* Begin PBXSourcesBuildPhase section */
		04CEC2092A87DADE001BA35A /* Sources */ = {
			isa = PBXSourcesBuildPhase;
			buildActionMask = 2147483647;
			files = (
				04CEC22E2A87DC38001BA35A /* QuizBrain.swift in Sources */,
				04CEC2152A87DADE001BA35A /* ViewController.swift in Sources */,
				04CEC22B2A87DB88001BA35A /* Question.swift in Sources */,
				04CEC2112A87DADE001BA35A /* AppDelegate.swift in Sources */,
				04CEC2132A87DADE001BA35A /* SceneDelegate.swift in Sources */,
			);
			runOnlyForDeploymentPostprocessing = 0;
		};
/* End PBXSourcesBuildPhase section */

/* Begin PBXVariantGroup section */
		04CEC2162A87DADE001BA35A /* Main.storyboard */ = {
			isa = PBXVariantGroup;
			children = (
				04CEC2172A87DADE001BA35A /* Base */,
			);
			name = Main.storyboard;
			sourceTree = "<group>";
		};
		04CEC21B2A87DAE1001BA35A /* LaunchScreen.storyboard */ = {
			isa = PBXVariantGroup;
			children = (
				04CEC21C2A87DAE1001BA35A /* Base */,
			);
			name = LaunchScreen.storyboard;
			sourceTree = "<group>";
		};
/* End PBXVariantGroup section */

/* Begin XCBuildConfiguration section */
		04CEC21F2A87DAE1001BA35A /* Debug */ = {
			isa = XCBuildConfiguration;
			buildSettings = {
				ALWAYS_SEARCH_USER_PATHS = NO;
				CLANG_ANALYZER_NONNULL = YES;
				CLANG_ANALYZER_NUMBER_OBJECT_CONVERSION = YES_AGGRESSIVE;
				CLANG_CXX_LANGUAGE_STANDARD = "gnu++20";
				CLANG_ENABLE_MODULES = YES;
				CLANG_ENABLE_OBJC_ARC = YES;
				CLANG_ENABLE_OBJC_WEAK = YES;
				CLANG_WARN_BLOCK_CAPTURE_AUTORELEASING = YES;
				CLANG_WARN_BOOL_CONVERSION = YES;
				CLANG_WARN_COMMA = YES;
				CLANG_WARN_CONSTANT_CONVERSION = YES;
				CLANG_WARN_DEPRECATED_OBJC_IMPLEMENTATIONS = YES;
				CLANG_WARN_DIRECT_OBJC_ISA_USAGE = YES_ERROR;
				CLANG_WARN_DOCUMENTATION_COMMENTS = YES;
				CLANG_WARN_EMPTY_BODY = YES;
				CLANG_WARN_ENUM_CONVERSION = YES;
				CLANG_WARN_INFINITE_RECURSION = YES;
				CLANG_WARN_INT_CONVERSION = YES;
				CLANG_WARN_NON_LITERAL_NULL_CONVERSION = YES;
				CLANG_WARN_OBJC_IMPLICIT_RETAIN_SELF = YES;
				CLANG_WARN_OBJC_LITERAL_CONVERSION = YES;
				CLANG_WARN_OBJC_ROOT_CLASS = YES_ERROR;
				CLANG_WARN_QUOTED_INCLUDE_IN_FRAMEWORK_HEADER = YES;
				CLANG_WARN_RANGE_LOOP_ANALYSIS = YES;
				CLANG_WARN_STRICT_PROTOTYPES = YES;
				CLANG_WARN_SUSPICIOUS_MOVE = YES;
				CLANG_WARN_UNGUARDED_AVAILABILITY = YES_AGGRESSIVE;
				CLANG_WARN_UNREACHABLE_CODE = YES;
				CLANG_WARN__DUPLICATE_METHOD_MATCH = YES;
				COPY_PHASE_STRIP = NO;
				DEBUG_INFORMATION_FORMAT = dwarf;
				ENABLE_STRICT_OBJC_MSGSEND = YES;
				ENABLE_TESTABILITY = YES;
				GCC_C_LANGUAGE_STANDARD = gnu11;
				GCC_DYNAMIC_NO_PIC = NO;
				GCC_NO_COMMON_BLOCKS = YES;
				GCC_OPTIMIZATION_LEVEL = 0;
				GCC_PREPROCESSOR_DEFINITIONS = (
					"DEBUG=1",
					"$(inherited)",
				);
				GCC_WARN_64_TO_32_BIT_CONVERSION = YES;
				GCC_WARN_ABOUT_RETURN_TYPE = YES_ERROR;
				GCC_WARN_UNDECLARED_SELECTOR = YES;
				GCC_WARN_UNINITIALIZED_AUTOS = YES_AGGRESSIVE;
				GCC_WARN_UNUSED_FUNCTION = YES;
				GCC_WARN_UNUSED_VARIABLE = YES;
				IPHONEOS_DEPLOYMENT_TARGET = 16.4;
				MTL_ENABLE_DEBUG_INFO = INCLUDE_SOURCE;
				MTL_FAST_MATH = YES;
				ONLY_ACTIVE_ARCH = YES;
				SDKROOT = iphoneos;
				SWIFT_ACTIVE_COMPILATION_CONDITIONS = DEBUG;
				SWIFT_OPTIMIZATION_LEVEL = "-Onone";
			};
			name = Debug;
		};
		04CEC2202A87DAE1001BA35A /* Release */ = {
			isa = XCBuildConfiguration;
			buildSettings = {
				ALWAYS_SEARCH_USER_PATHS = NO;
				CLANG_ANALYZER_NONNULL = YES;
				CLANG_ANALYZER_NUMBER_OBJECT_CONVERSION = YES_AGGRESSIVE;
				CLANG_CXX_LANGUAGE_STANDARD = "gnu++20";
				CLANG_ENABLE_MODULES = YES;
				CLANG_ENABLE_OBJC_ARC = YES;
				CLANG_ENABLE_OBJC_WEAK = YES;
				CLANG_WARN_BLOCK_CAPTURE_AUTORELEASING = YES;
				CLANG_WARN_BOOL_CONVERSION = YES;
				CLANG_WARN_COMMA = YES;
				CLANG_WARN_CONSTANT_CONVERSION = YES;
				CLANG_WARN_DEPRECATED_OBJC_IMPLEMENTATIONS = YES;
				CLANG_WARN_DIRECT_OBJC_ISA_USAGE = YES_ERROR;
				CLANG_WARN_DOCUMENTATION_COMMENTS = YES;
				CLANG_WARN_EMPTY_BODY = YES;
				CLANG_WARN_ENUM_CONVERSION = YES;
				CLANG_WARN_INFINITE_RECURSION = YES;
				CLANG_WARN_INT_CONVERSION = YES;
				CLANG_WARN_NON_LITERAL_NULL_CONVERSION = YES;
				CLANG_WARN_OBJC_IMPLICIT_RETAIN_SELF = YES;
				CLANG_WARN_OBJC_LITERAL_CONVERSION = YES;
				CLANG_WARN_OBJC_ROOT_CLASS = YES_ERROR;
				CLANG_WARN_QUOTED_INCLUDE_IN_FRAMEWORK_HEADER = YES;
				CLANG_WARN_RANGE_LOOP_ANALYSIS = YES;
				CLANG_WARN_STRICT_PROTOTYPES = YES;
				CLANG_WARN_SUSPICIOUS_MOVE = YES;
				CLANG_WARN_UNGUARDED_AVAILABILITY = YES_AGGRESSIVE;
				CLANG_WARN_UNREACHABLE_CODE = YES;
				CLANG_WARN__DUPLICATE_METHOD_MATCH = YES;
				COPY_PHASE_STRIP = NO;
				DEBUG_INFORMATION_FORMAT = "dwarf-with-dsym";
				ENABLE_NS_ASSERTIONS = NO;
				ENABLE_STRICT_OBJC_MSGSEND = YES;
				GCC_C_LANGUAGE_STANDARD = gnu11;
				GCC_NO_COMMON_BLOCKS = YES;
				GCC_WARN_64_TO_32_BIT_CONVERSION = YES;
				GCC_WARN_ABOUT_RETURN_TYPE = YES_ERROR;
				GCC_WARN_UNDECLARED_SELECTOR = YES;
				GCC_WARN_UNINITIALIZED_AUTOS = YES_AGGRESSIVE;
				GCC_WARN_UNUSED_FUNCTION = YES;
				GCC_WARN_UNUSED_VARIABLE = YES;
				IPHONEOS_DEPLOYMENT_TARGET = 16.4;
				MTL_ENABLE_DEBUG_INFO = NO;
				MTL_FAST_MATH = YES;
				SDKROOT = iphoneos;
				SWIFT_COMPILATION_MODE = wholemodule;
				SWIFT_OPTIMIZATION_LEVEL = "-O";
				VALIDATE_PRODUCT = YES;
			};
			name = Release;
		};
		04CEC2222A87DAE1001BA35A /* Debug */ = {
			isa = XCBuildConfiguration;
			buildSettings = {
				ASSETCATALOG_COMPILER_APPICON_NAME = AppIcon;
				ASSETCATALOG_COMPILER_GLOBAL_ACCENT_COLOR_NAME = AccentColor;
				CODE_SIGN_STYLE = Automatic;
				CURRENT_PROJECT_VERSION = 1;
				GENERATE_INFOPLIST_FILE = YES;
				INFOPLIST_FILE = "QuizeApp(MVC)/Info.plist";
				INFOPLIST_KEY_UIApplicationSupportsIndirectInputEvents = YES;
				INFOPLIST_KEY_UILaunchStoryboardName = LaunchScreen;
				INFOPLIST_KEY_UIMainStoryboardFile = Main;
				INFOPLIST_KEY_UISupportedInterfaceOrientations_iPad = "UIInterfaceOrientationPortrait UIInterfaceOrientationPortraitUpsideDown UIInterfaceOrientationLandscapeLeft UIInterfaceOrientationLandscapeRight";
				INFOPLIST_KEY_UISupportedInterfaceOrientations_iPhone = "UIInterfaceOrientationPortrait UIInterfaceOrientationLandscapeLeft UIInterfaceOrientationLandscapeRight";
				LD_RUNPATH_SEARCH_PATHS = (
					"$(inherited)",
					"@executable_path/Frameworks",
				);
				MARKETING_VERSION = 1.0;
				PRODUCT_BUNDLE_IDENTIFIER = "com.example.QuizeApp.QuizeApp-MVC-";
				PRODUCT_NAME = "$(TARGET_NAME)";
				SUPPORTED_PLATFORMS = "iphoneos iphonesimulator";
				SUPPORTS_MACCATALYST = NO;
				SUPPORTS_MAC_DESIGNED_FOR_IPHONE_IPAD = NO;
				SWIFT_EMIT_LOC_STRINGS = YES;
				SWIFT_VERSION = 5.0;
				TARGETED_DEVICE_FAMILY = "1,2";
			};
			name = Debug;
		};
		04CEC2232A87DAE1001BA35A /* Release */ = {
			isa = XCBuildConfiguration;
			buildSettings = {
				ASSETCATALOG_COMPILER_APPICON_NAME = AppIcon;
				ASSETCATALOG_COMPILER_GLOBAL_ACCENT_COLOR_NAME = AccentColor;
				CODE_SIGN_STYLE = Automatic;
				CURRENT_PROJECT_VERSION = 1;
				GENERATE_INFOPLIST_FILE = YES;
				INFOPLIST_FILE = "QuizeApp(MVC)/Info.plist";
				INFOPLIST_KEY_UIApplicationSupportsIndirectInputEvents = YES;
				INFOPLIST_KEY_UILaunchStoryboardName = LaunchScreen;
				INFOPLIST_KEY_UIMainStoryboardFile = Main;
				INFOPLIST_KEY_UISupportedInterfaceOrientations_iPad = "UIInterfaceOrientationPortrait UIInterfaceOrientationPortraitUpsideDown UIInterfaceOrientationLandscapeLeft UIInterfaceOrientationLandscapeRight";
				INFOPLIST_KEY_UISupportedInterfaceOrientations_iPhone = "UIInterfaceOrientationPortrait UIInterfaceOrientationLandscapeLeft UIInterfaceOrientationLandscapeRight";
				LD_RUNPATH_SEARCH_PATHS = (
					"$(inherited)",
					"@executable_path/Frameworks",
				);
				MARKETING_VERSION = 1.0;
				PRODUCT_BUNDLE_IDENTIFIER = "com.example.QuizeApp.QuizeApp-MVC-";
				PRODUCT_NAME = "$(TARGET_NAME)";
				SUPPORTED_PLATFORMS = "iphoneos iphonesimulator";
				SUPPORTS_MACCATALYST = NO;
				SUPPORTS_MAC_DESIGNED_FOR_IPHONE_IPAD = NO;
				SWIFT_EMIT_LOC_STRINGS = YES;
				SWIFT_VERSION = 5.0;
				TARGETED_DEVICE_FAMILY = "1,2";
			};
			name = Release;
		};
/* End XCBuildConfiguration section */

/* Begin XCConfigurationList section */
		04CEC2082A87DADE001BA35A /* Build configuration list for PBXProject "QuizeApp(MVC)" */ = {
			isa = XCConfigurationList;
			buildConfigurations = (
				04CEC21F2A87DAE1001BA35A /* Debug */,
				04CEC2202A87DAE1001BA35A /* Release */,
			);
			defaultConfigurationIsVisible = 0;
			defaultConfigurationName = Release;
		};
		04CEC2212A87DAE1001BA35A /* Build configuration list for PBXNativeTarget "QuizeApp(MVC)" */ = {
			isa = XCConfigurationList;
			buildConfigurations = (
				04CEC2222A87DAE1001BA35A /* Debug */,
				04CEC2232A87DAE1001BA35A /* Release */,
			);
			defaultConfigurationIsVisible = 0;
			defaultConfigurationName = Release;
		};
/* End XCConfigurationList section */
	};
	rootObject = 04CEC2052A87DADE001BA35A /* Project object */;
}
